// !$*UTF8*$!
{
	archiveVersion = 1;
	classes = {
	};
	objectVersion = 50;
	objects = {

/* Begin PBXBuildFile section */
		4F59974B2101106F00DB80A0 /* AppDelegate.swift in Sources */ = {isa = PBXBuildFile; fileRef = 4F59974A2101106F00DB80A0 /* AppDelegate.swift */; };
		4F59974D2101106F00DB80A0 /* ViewController.swift in Sources */ = {isa = PBXBuildFile; fileRef = 4F59974C2101106F00DB80A0 /* ViewController.swift */; };
		4F5997502101106F00DB80A0 /* Main.storyboard in Resources */ = {isa = PBXBuildFile; fileRef = 4F59974E2101106F00DB80A0 /* Main.storyboard */; };
		4F5997522101107100DB80A0 /* Assets.xcassets in Resources */ = {isa = PBXBuildFile; fileRef = 4F5997512101107100DB80A0 /* Assets.xcassets */; };
		4F5997552101107100DB80A0 /* LaunchScreen.storyboard in Resources */ = {isa = PBXBuildFile; fileRef = 4F5997532101107100DB80A0 /* LaunchScreen.storyboard */; };
		4F5997602101107100DB80A0 /* Gun_Gun_ShootTests.swift in Sources */ = {isa = PBXBuildFile; fileRef = 4F59975F2101107100DB80A0 /* Gun_Gun_ShootTests.swift */; };
		4F59976B2101107100DB80A0 /* Gun_Gun_ShootUITests.swift in Sources */ = {isa = PBXBuildFile; fileRef = 4F59976A2101107100DB80A0 /* Gun_Gun_ShootUITests.swift */; };
/* End PBXBuildFile section */

/* Begin PBXContainerItemProxy section */
		4F59975C2101107100DB80A0 /* PBXContainerItemProxy */ = {
			isa = PBXContainerItemProxy;
			containerPortal = 4F59973F2101106F00DB80A0 /* Project object */;
			proxyType = 1;
			remoteGlobalIDString = 4F5997462101106F00DB80A0;
			remoteInfo = "Gun Gun Shoot";
		};
		4F5997672101107100DB80A0 /* PBXContainerItemProxy */ = {
			isa = PBXContainerItemProxy;
			containerPortal = 4F59973F2101106F00DB80A0 /* Project object */;
			proxyType = 1;
			remoteGlobalIDString = 4F5997462101106F00DB80A0;
			remoteInfo = "Gun Gun Shoot";
		};
/* End PBXContainerItemProxy section */

/* Begin PBXFileReference section */
		4F5997472101106F00DB80A0 /* Gun Gun Shoot.app */ = {isa = PBXFileReference; explicitFileType = wrapper.application; includeInIndex = 0; path = "Gun Gun Shoot.app"; sourceTree = BUILT_PRODUCTS_DIR; };
		4F59974A2101106F00DB80A0 /* AppDelegate.swift */ = {isa = PBXFileReference; lastKnownFileType = sourcecode.swift; path = AppDelegate.swift; sourceTree = "<group>"; };
		4F59974C2101106F00DB80A0 /* ViewController.swift */ = {isa = PBXFileReference; lastKnownFileType = sourcecode.swift; path = ViewController.swift; sourceTree = "<group>"; };
		4F59974F2101106F00DB80A0 /* Base */ = {isa = PBXFileReference; lastKnownFileType = file.storyboard; name = Base; path = Base.lproj/Main.storyboard; sourceTree = "<group>"; };
		4F5997512101107100DB80A0 /* Assets.xcassets */ = {isa = PBXFileReference; lastKnownFileType = folder.assetcatalog; path = Assets.xcassets; sourceTree = "<group>"; };
		4F5997542101107100DB80A0 /* Base */ = {isa = PBXFileReference; lastKnownFileType = file.storyboard; name = Base; path = Base.lproj/LaunchScreen.storyboard; sourceTree = "<group>"; };
		4F5997562101107100DB80A0 /* Info.plist */ = {isa = PBXFileReference; lastKnownFileType = text.plist.xml; path = Info.plist; sourceTree = "<group>"; };
		4F59975B2101107100DB80A0 /* Gun Gun ShootTests.xctest */ = {isa = PBXFileReference; explicitFileType = wrapper.cfbundle; includeInIndex = 0; path = "Gun Gun ShootTests.xctest"; sourceTree = BUILT_PRODUCTS_DIR; };
		4F59975F2101107100DB80A0 /* Gun_Gun_ShootTests.swift */ = {isa = PBXFileReference; lastKnownFileType = sourcecode.swift; path = Gun_Gun_ShootTests.swift; sourceTree = "<group>"; };
		4F5997612101107100DB80A0 /* Info.plist */ = {isa = PBXFileReference; lastKnownFileType = text.plist.xml; path = Info.plist; sourceTree = "<group>"; };
		4F5997662101107100DB80A0 /* Gun Gun ShootUITests.xctest */ = {isa = PBXFileReference; explicitFileType = wrapper.cfbundle; includeInIndex = 0; path = "Gun Gun ShootUITests.xctest"; sourceTree = BUILT_PRODUCTS_DIR; };
		4F59976A2101107100DB80A0 /* Gun_Gun_ShootUITests.swift */ = {isa = PBXFileReference; lastKnownFileType = sourcecode.swift; path = Gun_Gun_ShootUITests.swift; sourceTree = "<group>"; };
		4F59976C2101107100DB80A0 /* Info.plist */ = {isa = PBXFileReference; lastKnownFileType = text.plist.xml; path = Info.plist; sourceTree = "<group>"; };
/* End PBXFileReference section */

/* Begin PBXFrameworksBuildPhase section */
		4F5997442101106F00DB80A0 /* Frameworks */ = {
			isa = PBXFrameworksBuildPhase;
			buildActionMask = 2147483647;
			files = (
			);
			runOnlyForDeploymentPostprocessing = 0;
		};
		4F5997582101107100DB80A0 /* Frameworks */ = {
			isa = PBXFrameworksBuildPhase;
			buildActionMask = 2147483647;
			files = (
			);
			runOnlyForDeploymentPostprocessing = 0;
		};
		4F5997632101107100DB80A0 /* Frameworks */ = {
			isa = PBXFrameworksBuildPhase;
			buildActionMask = 2147483647;
			files = (
			);
			runOnlyForDeploymentPostprocessing = 0;
		};
/* End PBXFrameworksBuildPhase section */

/* Begin PBXGroup section */
		4F59973E2101106F00DB80A0 = {
			isa = PBXGroup;
			children = (
				4F5997492101106F00DB80A0 /* Gun Gun Shoot */,
				4F59975E2101107100DB80A0 /* Gun Gun ShootTests */,
				4F5997692101107100DB80A0 /* Gun Gun ShootUITests */,
				4F5997482101106F00DB80A0 /* Products */,
			);
			sourceTree = "<group>";
		};
		4F5997482101106F00DB80A0 /* Products */ = {
			isa = PBXGroup;
			children = (
				4F5997472101106F00DB80A0 /* Gun Gun Shoot.app */,
				4F59975B2101107100DB80A0 /* Gun Gun ShootTests.xctest */,
				4F5997662101107100DB80A0 /* Gun Gun ShootUITests.xctest */,
			);
			name = Products;
			sourceTree = "<group>";
		};
		4F5997492101106F00DB80A0 /* Gun Gun Shoot */ = {
			isa = PBXGroup;
			children = (
				4F59974A2101106F00DB80A0 /* AppDelegate.swift */,
				4F59974C2101106F00DB80A0 /* ViewController.swift */,
				4F59974E2101106F00DB80A0 /* Main.storyboard */,
				4F5997512101107100DB80A0 /* Assets.xcassets */,
				4F5997532101107100DB80A0 /* LaunchScreen.storyboard */,
				4F5997562101107100DB80A0 /* Info.plist */,
			);
			path = "Gun Gun Shoot";
			sourceTree = "<group>";
		};
		4F59975E2101107100DB80A0 /* Gun Gun ShootTests */ = {
			isa = PBXGroup;
			children = (
				4F59975F2101107100DB80A0 /* Gun_Gun_ShootTests.swift */,
				4F5997612101107100DB80A0 /* Info.plist */,
			);
			path = "Gun Gun ShootTests";
			sourceTree = "<group>";
		};
		4F5997692101107100DB80A0 /* Gun Gun ShootUITests */ = {
			isa = PBXGroup;
			children = (
				4F59976A2101107100DB80A0 /* Gun_Gun_ShootUITests.swift */,
				4F59976C2101107100DB80A0 /* Info.plist */,
			);
			path = "Gun Gun ShootUITests";
			sourceTree = "<group>";
		};
/* End PBXGroup section */

/* Begin PBXNativeTarget section */
		4F5997462101106F00DB80A0 /* Gun Gun Shoot */ = {
			isa = PBXNativeTarget;
			buildConfigurationList = 4F59976F2101107100DB80A0 /* Build configuration list for PBXNativeTarget "Gun Gun Shoot" */;
			buildPhases = (
				4F5997432101106F00DB80A0 /* Sources */,
				4F5997442101106F00DB80A0 /* Frameworks */,
				4F5997452101106F00DB80A0 /* Resources */,
			);
			buildRules = (
			);
			dependencies = (
			);
			name = "Gun Gun Shoot";
			productName = "Gun Gun Shoot";
			productReference = 4F5997472101106F00DB80A0 /* Gun Gun Shoot.app */;
			productType = "com.apple.product-type.application";
		};
		4F59975A2101107100DB80A0 /* Gun Gun ShootTests */ = {
			isa = PBXNativeTarget;
			buildConfigurationList = 4F5997722101107100DB80A0 /* Build configuration list for PBXNativeTarget "Gun Gun ShootTests" */;
			buildPhases = (
				4F5997572101107100DB80A0 /* Sources */,
				4F5997582101107100DB80A0 /* Frameworks */,
				4F5997592101107100DB80A0 /* Resources */,
			);
			buildRules = (
			);
			dependencies = (
				4F59975D2101107100DB80A0 /* PBXTargetDependency */,
			);
			name = "Gun Gun ShootTests";
			productName = "Gun Gun ShootTests";
			productReference = 4F59975B2101107100DB80A0 /* Gun Gun ShootTests.xctest */;
			productType = "com.apple.product-type.bundle.unit-test";
		};
		4F5997652101107100DB80A0 /* Gun Gun ShootUITests */ = {
			isa = PBXNativeTarget;
			buildConfigurationList = 4F5997752101107100DB80A0 /* Build configuration list for PBXNativeTarget "Gun Gun ShootUITests" */;
			buildPhases = (
				4F5997622101107100DB80A0 /* Sources */,
				4F5997632101107100DB80A0 /* Frameworks */,
				4F5997642101107100DB80A0 /* Resources */,
			);
			buildRules = (
			);
			dependencies = (
				4F5997682101107100DB80A0 /* PBXTargetDependency */,
			);
			name = "Gun Gun ShootUITests";
			productName = "Gun Gun ShootUITests";
			productReference = 4F5997662101107100DB80A0 /* Gun Gun ShootUITests.xctest */;
			productType = "com.apple.product-type.bundle.ui-testing";
		};
/* End PBXNativeTarget section */

/* Begin PBXProject section */
		4F59973F2101106F00DB80A0 /* Project object */ = {
			isa = PBXProject;
			attributes = {
				LastSwiftUpdateCheck = 0940;
				LastUpgradeCheck = 0940;
				ORGANIZATIONNAME = "Noah Rubin";
				TargetAttributes = {
					4F5997462101106F00DB80A0 = {
						CreatedOnToolsVersion = 9.4.1;
					};
					4F59975A2101107100DB80A0 = {
						CreatedOnToolsVersion = 9.4.1;
						TestTargetID = 4F5997462101106F00DB80A0;
					};
					4F5997652101107100DB80A0 = {
						CreatedOnToolsVersion = 9.4.1;
						TestTargetID = 4F5997462101106F00DB80A0;
					};
				};
			};
			buildConfigurationList = 4F5997422101106F00DB80A0 /* Build configuration list for PBXProject "Gun Gun Shoot" */;
			compatibilityVersion = "Xcode 9.3";
			developmentRegion = en;
			hasScannedForEncodings = 0;
			knownRegions = (
				en,
				Base,
			);
			mainGroup = 4F59973E2101106F00DB80A0;
			productRefGroup = 4F5997482101106F00DB80A0 /* Products */;
			projectDirPath = "";
			projectRoot = "";
			targets = (
				4F5997462101106F00DB80A0 /* Gun Gun Shoot */,
				4F59975A2101107100DB80A0 /* Gun Gun ShootTests */,
				4F5997652101107100DB80A0 /* Gun Gun ShootUITests */,
			);
		};
/* End PBXProject section */

/* Begin PBXResourcesBuildPhase section */
		4F5997452101106F00DB80A0 /* Resources */ = {
			isa = PBXResourcesBuildPhase;
			buildActionMask = 2147483647;
			files = (
				4F5997552101107100DB80A0 /* LaunchScreen.storyboard in Resources */,
				4F5997522101107100DB80A0 /* Assets.xcassets in Resources */,
				4F5997502101106F00DB80A0 /* Main.storyboard in Resources */,
			);
			runOnlyForDeploymentPostprocessing = 0;
		};
		4F5997592101107100DB80A0 /* Resources */ = {
			isa = PBXResourcesBuildPhase;
			buildActionMask = 2147483647;
			files = (
			);
			runOnlyForDeploymentPostprocessing = 0;
		};
		4F5997642101107100DB80A0 /* Resources */ = {
			isa = PBXResourcesBuildPhase;
			buildActionMask = 2147483647;
			files = (
			);
			runOnlyForDeploymentPostprocessing = 0;
		};
/* End PBXResourcesBuildPhase section */

/* Begin PBXSourcesBuildPhase section */
		4F5997432101106F00DB80A0 /* Sources */ = {
			isa = PBXSourcesBuildPhase;
			buildActionMask = 2147483647;
			files = (
				4F59974D2101106F00DB80A0 /* ViewController.swift in Sources */,
				4F59974B2101106F00DB80A0 /* AppDelegate.swift in Sources */,
			);
			runOnlyForDeploymentPostprocessing = 0;
		};
		4F5997572101107100DB80A0 /* Sources */ = {
			isa = PBXSourcesBuildPhase;
			buildActionMask = 2147483647;
			files = (
				4F5997602101107100DB80A0 /* Gun_Gun_ShootTests.swift in Sources */,
			);
			runOnlyForDeploymentPostprocessing = 0;
		};
		4F5997622101107100DB80A0 /* Sources */ = {
			isa = PBXSourcesBuildPhase;
			buildActionMask = 2147483647;
			files = (
				4F59976B2101107100DB80A0 /* Gun_Gun_ShootUITests.swift in Sources */,
			);
			runOnlyForDeploymentPostprocessing = 0;
		};
/* End PBXSourcesBuildPhase section */

/* Begin PBXTargetDependency section */
		4F59975D2101107100DB80A0 /* PBXTargetDependency */ = {
			isa = PBXTargetDependency;
			target = 4F5997462101106F00DB80A0 /* Gun Gun Shoot */;
			targetProxy = 4F59975C2101107100DB80A0 /* PBXContainerItemProxy */;
		};
		4F5997682101107100DB80A0 /* PBXTargetDependency */ = {
			isa = PBXTargetDependency;
			target = 4F5997462101106F00DB80A0 /* Gun Gun Shoot */;
			targetProxy = 4F5997672101107100DB80A0 /* PBXContainerItemProxy */;
		};
/* End PBXTargetDependency section */

/* Begin PBXVariantGroup section */
		4F59974E2101106F00DB80A0 /* Main.storyboard */ = {
			isa = PBXVariantGroup;
			children = (
				4F59974F2101106F00DB80A0 /* Base */,
			);
			name = Main.storyboard;
			sourceTree = "<group>";
		};
		4F5997532101107100DB80A0 /* LaunchScreen.storyboard */ = {
			isa = PBXVariantGroup;
			children = (
				4F5997542101107100DB80A0 /* Base */,
			);
			name = LaunchScreen.storyboard;
			sourceTree = "<group>";
		};
/* End PBXVariantGroup section */

/* Begin XCBuildConfiguration section */
		4F59976D2101107100DB80A0 /* Debug */ = {
			isa = XCBuildConfiguration;
			buildSettings = {
				ALWAYS_SEARCH_USER_PATHS = NO;
				CLANG_ANALYZER_NONNULL = YES;
				CLANG_ANALYZER_NUMBER_OBJECT_CONVERSION = YES_AGGRESSIVE;
				CLANG_CXX_LANGUAGE_STANDARD = "gnu++14";
				CLANG_CXX_LIBRARY = "libc++";
				CLANG_ENABLE_MODULES = YES;
				CLANG_ENABLE_OBJC_ARC = YES;
				CLANG_ENABLE_OBJC_WEAK = YES;
				CLANG_WARN_BLOCK_CAPTURE_AUTORELEASING = YES;
				CLANG_WARN_BOOL_CONVERSION = YES;
				CLANG_WARN_COMMA = YES;
				CLANG_WARN_CONSTANT_CONVERSION = YES;
				CLANG_WARN_DEPRECATED_OBJC_IMPLEMENTATIONS = YES;
				CLANG_WARN_DIRECT_OBJC_ISA_USAGE = YES_ERROR;
				CLANG_WARN_DOCUMENTATION_COMMENTS = YES;
				CLANG_WARN_EMPTY_BODY = YES;
				CLANG_WARN_ENUM_CONVERSION = YES;
				CLANG_WARN_INFINITE_RECURSION = YES;
				CLANG_WARN_INT_CONVERSION = YES;
				CLANG_WARN_NON_LITERAL_NULL_CONVERSION = YES;
				CLANG_WARN_OBJC_IMPLICIT_RETAIN_SELF = YES;
				CLANG_WARN_OBJC_LITERAL_CONVERSION = YES;
				CLANG_WARN_OBJC_ROOT_CLASS = YES_ERROR;
				CLANG_WARN_RANGE_LOOP_ANALYSIS = YES;
				CLANG_WARN_STRICT_PROTOTYPES = YES;
				CLANG_WARN_SUSPICIOUS_MOVE = YES;
				CLANG_WARN_UNGUARDED_AVAILABILITY = YES_AGGRESSIVE;
				CLANG_WARN_UNREACHABLE_CODE = YES;
				CLANG_WARN__DUPLICATE_METHOD_MATCH = YES;
				CODE_SIGN_IDENTITY = "iPhone Developer";
				COPY_PHASE_STRIP = NO;
				DEBUG_INFORMATION_FORMAT = dwarf;
				ENABLE_STRICT_OBJC_MSGSEND = YES;
				ENABLE_TESTABILITY = YES;
				GCC_C_LANGUAGE_STANDARD = gnu11;
				GCC_DYNAMIC_NO_PIC = NO;
				GCC_NO_COMMON_BLOCKS = YES;
				GCC_OPTIMIZATION_LEVEL = 0;
				GCC_PREPROCESSOR_DEFINITIONS = (
					"DEBUG=1",
					"$(inherited)",
				);
				GCC_WARN_64_TO_32_BIT_CONVERSION = YES;
				GCC_WARN_ABOUT_RETURN_TYPE = YES_ERROR;
				GCC_WARN_UNDECLARED_SELECTOR = YES;
				GCC_WARN_UNINITIALIZED_AUTOS = YES_AGGRESSIVE;
				GCC_WARN_UNUSED_FUNCTION = YES;
				GCC_WARN_UNUSED_VARIABLE = YES;
				IPHONEOS_DEPLOYMENT_TARGET = 11.4;
				MTL_ENABLE_DEBUG_INFO = YES;
				ONLY_ACTIVE_ARCH = YES;
				SDKROOT = iphoneos;
				SWIFT_ACTIVE_COMPILATION_CONDITIONS = DEBUG;
				SWIFT_OPTIMIZATION_LEVEL = "-Onone";
			};
			name = Debug;
		};
		4F59976E2101107100DB80A0 /* Release */ = {
			isa = XCBuildConfiguration;
			buildSettings = {
				ALWAYS_SEARCH_USER_PATHS = NO;
				CLANG_ANALYZER_NONNULL = YES;
				CLANG_ANALYZER_NUMBER_OBJECT_CONVERSION = YES_AGGRESSIVE;
				CLANG_CXX_LANGUAGE_STANDARD = "gnu++14";
				CLANG_CXX_LIBRARY = "libc++";
				CLANG_ENABLE_MODULES = YES;
				CLANG_ENABLE_OBJC_ARC = YES;
				CLANG_ENABLE_OBJC_WEAK = YES;
				CLANG_WARN_BLOCK_CAPTURE_AUTORELEASING = YES;
				CLANG_WARN_BOOL_CONVERSION = YES;
				CLANG_WARN_COMMA = YES;
				CLANG_WARN_CONSTANT_CONVERSION = YES;
				CLANG_WARN_DEPRECATED_OBJC_IMPLEMENTATIONS = YES;
				CLANG_WARN_DIRECT_OBJC_ISA_USAGE = YES_ERROR;
				CLANG_WARN_DOCUMENTATION_COMMENTS = YES;
				CLANG_WARN_EMPTY_BODY = YES;
				CLANG_WARN_ENUM_CONVERSION = YES;
				CLANG_WARN_INFINITE_RECURSION = YES;
				CLANG_WARN_INT_CONVERSION = YES;
				CLANG_WARN_NON_LITERAL_NULL_CONVERSION = YES;
				CLANG_WARN_OBJC_IMPLICIT_RETAIN_SELF = YES;
				CLANG_WARN_OBJC_LITERAL_CONVERSION = YES;
				CLANG_WARN_OBJC_ROOT_CLASS = YES_ERROR;
				CLANG_WARN_RANGE_LOOP_ANALYSIS = YES;
				CLANG_WARN_STRICT_PROTOTYPES = YES;
				CLANG_WARN_SUSPICIOUS_MOVE = YES;
				CLANG_WARN_UNGUARDED_AVAILABILITY = YES_AGGRESSIVE;
				CLANG_WARN_UNREACHABLE_CODE = YES;
				CLANG_WARN__DUPLICATE_METHOD_MATCH = YES;
				CODE_SIGN_IDENTITY = "iPhone Developer";
				COPY_PHASE_STRIP = NO;
				DEBUG_INFORMATION_FORMAT = "dwarf-with-dsym";
				ENABLE_NS_ASSERTIONS = NO;
				ENABLE_STRICT_OBJC_MSGSEND = YES;
				GCC_C_LANGUAGE_STANDARD = gnu11;
				GCC_NO_COMMON_BLOCKS = YES;
				GCC_WARN_64_TO_32_BIT_CONVERSION = YES;
				GCC_WARN_ABOUT_RETURN_TYPE = YES_ERROR;
				GCC_WARN_UNDECLARED_SELECTOR = YES;
				GCC_WARN_UNINITIALIZED_AUTOS = YES_AGGRESSIVE;
				GCC_WARN_UNUSED_FUNCTION = YES;
				GCC_WARN_UNUSED_VARIABLE = YES;
				IPHONEOS_DEPLOYMENT_TARGET = 11.4;
				MTL_ENABLE_DEBUG_INFO = NO;
				SDKROOT = iphoneos;
				SWIFT_COMPILATION_MODE = wholemodule;
				SWIFT_OPTIMIZATION_LEVEL = "-O";
				VALIDATE_PRODUCT = YES;
			};
			name = Release;
		};
		4F5997702101107100DB80A0 /* Debug */ = {
			isa = XCBuildConfiguration;
			buildSettings = {
				ASSETCATALOG_COMPILER_APPICON_NAME = AppIcon;
				CODE_SIGN_STYLE = Automatic;
				INFOPLIST_FILE = "Gun Gun Shoot/Info.plist";
				LD_RUNPATH_SEARCH_PATHS = (
					"$(inherited)",
					"@executable_path/Frameworks",
				);
				PRODUCT_BUNDLE_IDENTIFIER = "Noah-Rubin.Gun-Gun-Shoot";
				PRODUCT_NAME = "$(TARGET_NAME)";
				SWIFT_VERSION = 4.0;
				TARGETED_DEVICE_FAMILY = "1,2";
			};
			name = Debug;
		};
		4F5997712101107100DB80A0 /* Release */ = {
			isa = XCBuildConfiguration;
			buildSettings = {
				ASSETCATALOG_COMPILER_APPICON_NAME = AppIcon;
				CODE_SIGN_STYLE = Automatic;
				INFOPLIST_FILE = "Gun Gun Shoot/Info.plist";
				LD_RUNPATH_SEARCH_PATHS = (
					"$(inherited)",
					"@executable_path/Frameworks",
				);
				PRODUCT_BUNDLE_IDENTIFIER = "Noah-Rubin.Gun-Gun-Shoot";
				PRODUCT_NAME = "$(TARGET_NAME)";
				SWIFT_VERSION = 4.0;
				TARGETED_DEVICE_FAMILY = "1,2";
			};
			name = Release;
		};
		4F5997732101107100DB80A0 /* Debug */ = {
			isa = XCBuildConfiguration;
			buildSettings = {
				ALWAYS_EMBED_SWIFT_STANDARD_LIBRARIES = YES;
				BUNDLE_LOADER = "$(TEST_HOST)";
				CODE_SIGN_STYLE = Automatic;
				INFOPLIST_FILE = "Gun Gun ShootTests/Info.plist";
				LD_RUNPATH_SEARCH_PATHS = (
					"$(inherited)",
					"@executable_path/Frameworks",
					"@loader_path/Frameworks",
				);
				PRODUCT_BUNDLE_IDENTIFIER = "Noah-Rubin.Gun-Gun-ShootTests";
				PRODUCT_NAME = "$(TARGET_NAME)";
				SWIFT_VERSION = 4.0;
				TARGETED_DEVICE_FAMILY = "1,2";
				TEST_HOST = "$(BUILT_PRODUCTS_DIR)/Gun Gun Shoot.app/Gun Gun Shoot";
			};
			name = Debug;
		};
		4F5997742101107100DB80A0 /* Release */ = {
			isa = XCBuildConfiguration;
			buildSettings = {
				ALWAYS_EMBED_SWIFT_STANDARD_LIBRARIES = YES;
				BUNDLE_LOADER = "$(TEST_HOST)";
				CODE_SIGN_STYLE = Automatic;
				INFOPLIST_FILE = "Gun Gun ShootTests/Info.plist";
				LD_RUNPATH_SEARCH_PATHS = (
					"$(inherited)",
					"@executable_path/Frameworks",
					"@loader_path/Frameworks",
				);
				PRODUCT_BUNDLE_IDENTIFIER = "Noah-Rubin.Gun-Gun-ShootTests";
				PRODUCT_NAME = "$(TARGET_NAME)";
				SWIFT_VERSION = 4.0;
				TARGETED_DEVICE_FAMILY = "1,2";
				TEST_HOST = "$(BUILT_PRODUCTS_DIR)/Gun Gun Shoot.app/Gun Gun Shoot";
			};
			name = Release;
		};
		4F5997762101107100DB80A0 /* Debug */ = {
			isa = XCBuildConfiguration;
			buildSettings = {
				ALWAYS_EMBED_SWIFT_STANDARD_LIBRARIES = YES;
				CODE_SIGN_STYLE = Automatic;
				INFOPLIST_FILE = "Gun Gun ShootUITests/Info.plist";
				LD_RUNPATH_SEARCH_PATHS = (
					"$(inherited)",
					"@executable_path/Frameworks",
					"@loader_path/Frameworks",
				);
				PRODUCT_BUNDLE_IDENTIFIER = "Noah-Rubin.Gun-Gun-ShootUITests";
				PRODUCT_NAME = "$(TARGET_NAME)";
				SWIFT_VERSION = 4.0;
				TARGETED_DEVICE_FAMILY = "1,2";
				TEST_TARGET_NAME = "Gun Gun Shoot";
			};
			name = Debug;
		};
		4F5997772101107100DB80A0 /* Release */ = {
			isa = XCBuildConfiguration;
			buildSettings = {
				ALWAYS_EMBED_SWIFT_STANDARD_LIBRARIES = YES;
				CODE_SIGN_STYLE = Automatic;
				INFOPLIST_FILE = "Gun Gun ShootUITests/Info.plist";
				LD_RUNPATH_SEARCH_PATHS = (
					"$(inherited)",
					"@executable_path/Frameworks",
					"@loader_path/Frameworks",
				);
				PRODUCT_BUNDLE_IDENTIFIER = "Noah-Rubin.Gun-Gun-ShootUITests";
				PRODUCT_NAME = "$(TARGET_NAME)";
				SWIFT_VERSION = 4.0;
				TARGETED_DEVICE_FAMILY = "1,2";
				TEST_TARGET_NAME = "Gun Gun Shoot";
			};
			name = Release;
		};
/* End XCBuildConfiguration section */

/* Begin XCConfigurationList section */
		4F5997422101106F00DB80A0 /* Build configuration list for PBXProject "Gun Gun Shoot" */ = {
			isa = XCConfigurationList;
			buildConfigurations = (
				4F59976D2101107100DB80A0 /* Debug */,
				4F59976E2101107100DB80A0 /* Release */,
			);
			defaultConfigurationIsVisible = 0;
			defaultConfigurationName = Release;
		};
		4F59976F2101107100DB80A0 /* Build configuration list for PBXNativeTarget "Gun Gun Shoot" */ = {
			isa = XCConfigurationList;
			buildConfigurations = (
				4F5997702101107100DB80A0 /* Debug */,
				4F5997712101107100DB80A0 /* Release */,
			);
			defaultConfigurationIsVisible = 0;
			defaultConfigurationName = Release;
		};
		4F5997722101107100DB80A0 /* Build configuration list for PBXNativeTarget "Gun Gun ShootTests" */ = {
			isa = XCConfigurationList;
			buildConfigurations = (
				4F5997732101107100DB80A0 /* Debug */,
				4F5997742101107100DB80A0 /* Release */,
			);
			defaultConfigurationIsVisible = 0;
			defaultConfigurationName = Release;
		};
		4F5997752101107100DB80A0 /* Build configuration list for PBXNativeTarget "Gun Gun ShootUITests" */ = {
			isa = XCConfigurationList;
			buildConfigurations = (
				4F5997762101107100DB80A0 /* Debug */,
				4F5997772101107100DB80A0 /* Release */,
			);
			defaultConfigurationIsVisible = 0;
			defaultConfigurationName = Release;
		};
/* End XCConfigurationList section */
	};
	rootObject = 4F59973F2101106F00DB80A0 /* Project object */;
}
